
Microsoft Visual Studio Solution File, Format Version 12.00
# Visual Studio Version 17
VisualStudioVersion = 17.7.34018.315
MinimumVisualStudioVersion = 10.0.40219.1
Project("{FAE04EC0-301F-11D3-BF4B-00C04F79EFBC}") = "evdokimovprc3", "evdokimovprc3.csproj", "{2E6EDD86-7DF4-4562-BDCF-2908C4F2142E}"
EndProject
Global
	GlobalSection(SolutionConfigurationPlatforms) = preSolution
		Debug|Any CPU = Debug|Any CPU
		Release|Any CPU = Release|Any CPU
	EndGlobalSection
	GlobalSection(ProjectConfigurationPlatforms) = postSolution
		{2E6EDD86-7DF4-4562-BDCF-2908C4F2142E}.Debug|Any CPU.ActiveCfg = Debug|Any CPU
		{2E6EDD86-7DF4-4562-BDCF-2908C4F2142E}.Debug|Any CPU.Build.0 = Debug|Any CPU
		{2E6EDD86-7DF4-4562-BDCF-2908C4F2142E}.Release|Any CPU.ActiveCfg = Release|Any CPU
		{2E6EDD86-7DF4-4562-BDCF-2908C4F2142E}.Release|Any CPU.Build.0 = Release|Any CPU
	EndGlobalSection
	GlobalSection(SolutionProperties) = preSolution
		HideSolutionNode = FALSE
	EndGlobalSection
	GlobalSection(ExtensibilityGlobals) = postSolution
		SolutionGuid = {B4DF0A63-584B-4BDD-998B-3A0A91FA6F56}
	EndGlobalSection
EndGlobal
